<Solution>
  <Configurations>
    <Platform Name="x64" />
    <Platform Name="x86" />
  </Configurations>
  <Project Path="Task01/Task01.vcxproj" Id="f81ddc55-683c-4d49-9755-a9ed2150b48d" />
  <Project Path="Task02/Task02.vcxproj" Id="72f648c1-8c10-4203-b298-ea46879e41ef" />
  <Project Path="Task03/Task03.vcxproj" Id="700e4910-1e44-4df6-bbb9-10f5d32306c4" />
  <Project Path="Task04/Task04.vcxproj" Id="4605ee3c-d308-4ed6-83e6-6750f3776aaa" />
  <Project Path="Task05/Task05.vcxproj" Id="e4ea0be3-ef76-4738-9191-554f31d40408" />
</Solution>
